// !$*UTF8*$!
{
	archiveVersion = 1;
	classes = {
	};
	objectVersion = 56;
	objects = {

/* Begin PBXBuildFile section */
		DC98A5A52BA888DF0086662E /* LaunchScreen.storyboard in Resources */ = {isa = PBXBuildFile; fileRef = DC98A5A42BA888DF0086662E /* LaunchScreen.storyboard */; };
		DC9EDC772BA5FDC500FFA6F3 /* Home in Frameworks */ = {isa = PBXBuildFile; productRef = DC9EDC762BA5FDC500FFA6F3 /* Home */; };
		DCB6EE3F2BA610E500CD9998 /* AppConfiguration in Frameworks */ = {isa = PBXBuildFile; productRef = DCB6EE3E2BA610E500CD9998 /* AppConfiguration */; };
		DCB6EE412BA72F1D00CD9998 /* DesignSystem in Frameworks */ = {isa = PBXBuildFile; productRef = DCB6EE402BA72F1D00CD9998 /* DesignSystem */; };
		DCB6EE432BA87E7700CD9998 /* Localizable in Frameworks */ = {isa = PBXBuildFile; productRef = DCB6EE422BA87E7700CD9998 /* Localizable */; };
		DCFB4A4A2BA5D48E00B0F78B /* UnsplahApp.swift in Sources */ = {isa = PBXBuildFile; fileRef = DCFB4A492BA5D48E00B0F78B /* UnsplahApp.swift */; };
		DCFB4A4C2BA5D48E00B0F78B /* AppView.swift in Sources */ = {isa = PBXBuildFile; fileRef = DCFB4A4B2BA5D48E00B0F78B /* AppView.swift */; };
		DCFB4A4E2BA5D49000B0F78B /* Assets.xcassets in Resources */ = {isa = PBXBuildFile; fileRef = DCFB4A4D2BA5D49000B0F78B /* Assets.xcassets */; };
		DCFB4A512BA5D49000B0F78B /* Preview Assets.xcassets in Resources */ = {isa = PBXBuildFile; fileRef = DCFB4A502BA5D49000B0F78B /* Preview Assets.xcassets */; };
		DCFB4A5B2BA5D49000B0F78B /* UnsplahTests.swift in Sources */ = {isa = PBXBuildFile; fileRef = DCFB4A5A2BA5D49000B0F78B /* UnsplahTests.swift */; };
		DCFB4A652BA5D49000B0F78B /* UnsplahUITests.swift in Sources */ = {isa = PBXBuildFile; fileRef = DCFB4A642BA5D49000B0F78B /* UnsplahUITests.swift */; };
		DCFB4A672BA5D49000B0F78B /* UnsplahUITestsLaunchTests.swift in Sources */ = {isa = PBXBuildFile; fileRef = DCFB4A662BA5D49000B0F78B /* UnsplahUITestsLaunchTests.swift */; };
		DCFB4A752BA5D8D400B0F78B /* Common.xcconfig in Resources */ = {isa = PBXBuildFile; fileRef = DCFB4A742BA5D8D400B0F78B /* Common.xcconfig */; };
/* End PBXBuildFile section */

/* Begin PBXContainerItemProxy section */
		DCFB4A572BA5D49000B0F78B /* PBXContainerItemProxy */ = {
			isa = PBXContainerItemProxy;
			containerPortal = DCFB4A3E2BA5D48E00B0F78B /* Project object */;
			proxyType = 1;
			remoteGlobalIDString = DCFB4A452BA5D48E00B0F78B;
			remoteInfo = Unsplah;
		};
		DCFB4A612BA5D49000B0F78B /* PBXContainerItemProxy */ = {
			isa = PBXContainerItemProxy;
			containerPortal = DCFB4A3E2BA5D48E00B0F78B /* Project object */;
			proxyType = 1;
			remoteGlobalIDString = DCFB4A452BA5D48E00B0F78B;
			remoteInfo = Unsplah;
		};
/* End PBXContainerItemProxy section */

/* Begin PBXFileReference section */
		DC98A5A42BA888DF0086662E /* LaunchScreen.storyboard */ = {isa = PBXFileReference; lastKnownFileType = file.storyboard; path = LaunchScreen.storyboard; sourceTree = "<group>"; };
		DCFB4A462BA5D48E00B0F78B /* Unsplah.app */ = {isa = PBXFileReference; explicitFileType = wrapper.application; includeInIndex = 0; path = Unsplah.app; sourceTree = BUILT_PRODUCTS_DIR; };
		DCFB4A492BA5D48E00B0F78B /* UnsplahApp.swift */ = {isa = PBXFileReference; lastKnownFileType = sourcecode.swift; path = UnsplahApp.swift; sourceTree = "<group>"; };
		DCFB4A4B2BA5D48E00B0F78B /* AppView.swift */ = {isa = PBXFileReference; lastKnownFileType = sourcecode.swift; path = AppView.swift; sourceTree = "<group>"; };
		DCFB4A4D2BA5D49000B0F78B /* Assets.xcassets */ = {isa = PBXFileReference; lastKnownFileType = folder.assetcatalog; path = Assets.xcassets; sourceTree = "<group>"; };
		DCFB4A502BA5D49000B0F78B /* Preview Assets.xcassets */ = {isa = PBXFileReference; lastKnownFileType = folder.assetcatalog; path = "Preview Assets.xcassets"; sourceTree = "<group>"; };
		DCFB4A562BA5D49000B0F78B /* UnsplahTests.xctest */ = {isa = PBXFileReference; explicitFileType = wrapper.cfbundle; includeInIndex = 0; path = UnsplahTests.xctest; sourceTree = BUILT_PRODUCTS_DIR; };
		DCFB4A5A2BA5D49000B0F78B /* UnsplahTests.swift */ = {isa = PBXFileReference; lastKnownFileType = sourcecode.swift; path = UnsplahTests.swift; sourceTree = "<group>"; };
		DCFB4A602BA5D49000B0F78B /* UnsplahUITests.xctest */ = {isa = PBXFileReference; explicitFileType = wrapper.cfbundle; includeInIndex = 0; path = UnsplahUITests.xctest; sourceTree = BUILT_PRODUCTS_DIR; };
		DCFB4A642BA5D49000B0F78B /* UnsplahUITests.swift */ = {isa = PBXFileReference; lastKnownFileType = sourcecode.swift; path = UnsplahUITests.swift; sourceTree = "<group>"; };
		DCFB4A662BA5D49000B0F78B /* UnsplahUITestsLaunchTests.swift */ = {isa = PBXFileReference; lastKnownFileType = sourcecode.swift; path = UnsplahUITestsLaunchTests.swift; sourceTree = "<group>"; };
		DCFB4A732BA5D4BB00B0F78B /* UnsplashPackages */ = {isa = PBXFileReference; lastKnownFileType = wrapper; name = UnsplashPackages; path = ../UnsplashPackages; sourceTree = "<group>"; };
		DCFB4A742BA5D8D400B0F78B /* Common.xcconfig */ = {isa = PBXFileReference; lastKnownFileType = text.xcconfig; path = Common.xcconfig; sourceTree = "<group>"; };
		DCFB4A762BA5D9B300B0F78B /* Info.plist */ = {isa = PBXFileReference; lastKnownFileType = text.plist; path = Info.plist; sourceTree = "<group>"; };
		DCFB4A772BA5ED6300B0F78B /* Unsplah.xctestplan */ = {isa = PBXFileReference; lastKnownFileType = text; path = Unsplah.xctestplan; sourceTree = "<group>"; };
/* End PBXFileReference section */

/* Begin PBXFrameworksBuildPhase section */
		DCFB4A432BA5D48E00B0F78B /* Frameworks */ = {
			isa = PBXFrameworksBuildPhase;
			buildActionMask = 2147483647;
			files = (
				DCB6EE412BA72F1D00CD9998 /* DesignSystem in Frameworks */,
				DCB6EE432BA87E7700CD9998 /* Localizable in Frameworks */,
				DC9EDC772BA5FDC500FFA6F3 /* Home in Frameworks */,
				DCB6EE3F2BA610E500CD9998 /* AppConfiguration in Frameworks */,
			);
			runOnlyForDeploymentPostprocessing = 0;
		};
		DCFB4A532BA5D49000B0F78B /* Frameworks */ = {
			isa = PBXFrameworksBuildPhase;
			buildActionMask = 2147483647;
			files = (
			);
			runOnlyForDeploymentPostprocessing = 0;
		};
		DCFB4A5D2BA5D49000B0F78B /* Frameworks */ = {
			isa = PBXFrameworksBuildPhase;
			buildActionMask = 2147483647;
			files = (
			);
			runOnlyForDeploymentPostprocessing = 0;
		};
/* End PBXFrameworksBuildPhase section */

/* Begin PBXGroup section */
		DC9EDC752BA5FDC500FFA6F3 /* Frameworks */ = {
			isa = PBXGroup;
			children = (
			);
			name = Frameworks;
			sourceTree = "<group>";
		};
		DCFB4A3D2BA5D48E00B0F78B = {
			isa = PBXGroup;
			children = (
				DCFB4A732BA5D4BB00B0F78B /* UnsplashPackages */,
				DCFB4A482BA5D48E00B0F78B /* Unsplah */,
				DCFB4A592BA5D49000B0F78B /* UnsplahTests */,
				DCFB4A632BA5D49000B0F78B /* UnsplahUITests */,
				DCFB4A472BA5D48E00B0F78B /* Products */,
				DC9EDC752BA5FDC500FFA6F3 /* Frameworks */,
			);
			sourceTree = "<group>";
		};
		DCFB4A472BA5D48E00B0F78B /* Products */ = {
			isa = PBXGroup;
			children = (
				DCFB4A462BA5D48E00B0F78B /* Unsplah.app */,
				DCFB4A562BA5D49000B0F78B /* UnsplahTests.xctest */,
				DCFB4A602BA5D49000B0F78B /* UnsplahUITests.xctest */,
			);
			name = Products;
			sourceTree = "<group>";
		};
		DCFB4A482BA5D48E00B0F78B /* Unsplah */ = {
			isa = PBXGroup;
			children = (
				DCFB4A762BA5D9B300B0F78B /* Info.plist */,
				DCFB4A492BA5D48E00B0F78B /* UnsplahApp.swift */,
				DCFB4A4B2BA5D48E00B0F78B /* AppView.swift */,
				DCFB4A4D2BA5D49000B0F78B /* Assets.xcassets */,
				DCFB4A772BA5ED6300B0F78B /* Unsplah.xctestplan */,
				DCFB4A4F2BA5D49000B0F78B /* Preview Content */,
				DCFB4A742BA5D8D400B0F78B /* Common.xcconfig */,
				DC98A5A42BA888DF0086662E /* LaunchScreen.storyboard */,
			);
			path = Unsplah;
			sourceTree = "<group>";
		};
		DCFB4A4F2BA5D49000B0F78B /* Preview Content */ = {
			isa = PBXGroup;
			children = (
				DCFB4A502BA5D49000B0F78B /* Preview Assets.xcassets */,
			);
			path = "Preview Content";
			sourceTree = "<group>";
		};
		DCFB4A592BA5D49000B0F78B /* UnsplahTests */ = {
			isa = PBXGroup;
			children = (
				DCFB4A5A2BA5D49000B0F78B /* UnsplahTests.swift */,
			);
			path = UnsplahTests;
			sourceTree = "<group>";
		};
		DCFB4A632BA5D49000B0F78B /* UnsplahUITests */ = {
			isa = PBXGroup;
			children = (
				DCFB4A642BA5D49000B0F78B /* UnsplahUITests.swift */,
				DCFB4A662BA5D49000B0F78B /* UnsplahUITestsLaunchTests.swift */,
			);
			path = UnsplahUITests;
			sourceTree = "<group>";
		};
/* End PBXGroup section */

/* Begin PBXNativeTarget section */
		DCFB4A452BA5D48E00B0F78B /* Unsplah */ = {
			isa = PBXNativeTarget;
			buildConfigurationList = DCFB4A6A2BA5D49000B0F78B /* Build configuration list for PBXNativeTarget "Unsplah" */;
			buildPhases = (
				DCFB4A422BA5D48E00B0F78B /* Sources */,
				DCFB4A432BA5D48E00B0F78B /* Frameworks */,
				DCFB4A442BA5D48E00B0F78B /* Resources */,
			);
			buildRules = (
			);
			dependencies = (
			);
			name = Unsplah;
			packageProductDependencies = (
				DC9EDC762BA5FDC500FFA6F3 /* Home */,
				DCB6EE3E2BA610E500CD9998 /* AppConfiguration */,
				DCB6EE402BA72F1D00CD9998 /* DesignSystem */,
				DCB6EE422BA87E7700CD9998 /* Localizable */,
			);
			productName = Unsplah;
			productReference = DCFB4A462BA5D48E00B0F78B /* Unsplah.app */;
			productType = "com.apple.product-type.application";
		};
		DCFB4A552BA5D49000B0F78B /* UnsplahTests */ = {
			isa = PBXNativeTarget;
			buildConfigurationList = DCFB4A6D2BA5D49000B0F78B /* Build configuration list for PBXNativeTarget "UnsplahTests" */;
			buildPhases = (
				DCFB4A522BA5D49000B0F78B /* Sources */,
				DCFB4A532BA5D49000B0F78B /* Frameworks */,
				DCFB4A542BA5D49000B0F78B /* Resources */,
			);
			buildRules = (
			);
			dependencies = (
				DCFB4A582BA5D49000B0F78B /* PBXTargetDependency */,
			);
			name = UnsplahTests;
			productName = UnsplahTests;
			productReference = DCFB4A562BA5D49000B0F78B /* UnsplahTests.xctest */;
			productType = "com.apple.product-type.bundle.unit-test";
		};
		DCFB4A5F2BA5D49000B0F78B /* UnsplahUITests */ = {
			isa = PBXNativeTarget;
			buildConfigurationList = DCFB4A702BA5D49000B0F78B /* Build configuration list for PBXNativeTarget "UnsplahUITests" */;
			buildPhases = (
				DCFB4A5C2BA5D49000B0F78B /* Sources */,
				DCFB4A5D2BA5D49000B0F78B /* Frameworks */,
				DCFB4A5E2BA5D49000B0F78B /* Resources */,
			);
			buildRules = (
			);
			dependencies = (
				DCFB4A622BA5D49000B0F78B /* PBXTargetDependency */,
			);
			name = UnsplahUITests;
			productName = UnsplahUITests;
			productReference = DCFB4A602BA5D49000B0F78B /* UnsplahUITests.xctest */;
			productType = "com.apple.product-type.bundle.ui-testing";
		};
/* End PBXNativeTarget section */

/* Begin PBXProject section */
		DCFB4A3E2BA5D48E00B0F78B /* Project object */ = {
			isa = PBXProject;
			attributes = {
				BuildIndependentTargetsInParallel = 1;
				LastSwiftUpdateCheck = 1520;
				LastUpgradeCheck = 1520;
				TargetAttributes = {
					DCFB4A452BA5D48E00B0F78B = {
						CreatedOnToolsVersion = 15.2;
					};
					DCFB4A552BA5D49000B0F78B = {
						CreatedOnToolsVersion = 15.2;
						TestTargetID = DCFB4A452BA5D48E00B0F78B;
					};
					DCFB4A5F2BA5D49000B0F78B = {
						CreatedOnToolsVersion = 15.2;
						TestTargetID = DCFB4A452BA5D48E00B0F78B;
					};
				};
			};
			buildConfigurationList = DCFB4A412BA5D48E00B0F78B /* Build configuration list for PBXProject "Unsplah" */;
			compatibilityVersion = "Xcode 14.0";
			developmentRegion = en;
			hasScannedForEncodings = 0;
			knownRegions = (
				en,
				Base,
				fr,
			);
			mainGroup = DCFB4A3D2BA5D48E00B0F78B;
			productRefGroup = DCFB4A472BA5D48E00B0F78B /* Products */;
			projectDirPath = "";
			projectRoot = "";
			targets = (
				DCFB4A452BA5D48E00B0F78B /* Unsplah */,
				DCFB4A552BA5D49000B0F78B /* UnsplahTests */,
				DCFB4A5F2BA5D49000B0F78B /* UnsplahUITests */,
			);
		};
/* End PBXProject section */

/* Begin PBXResourcesBuildPhase section */
		DCFB4A442BA5D48E00B0F78B /* Resources */ = {
			isa = PBXResourcesBuildPhase;
			buildActionMask = 2147483647;
			files = (
				DCFB4A512BA5D49000B0F78B /* Preview Assets.xcassets in Resources */,
				DC98A5A52BA888DF0086662E /* LaunchScreen.storyboard in Resources */,
				DCFB4A4E2BA5D49000B0F78B /* Assets.xcassets in Resources */,
				DCFB4A752BA5D8D400B0F78B /* Common.xcconfig in Resources */,
			);
			runOnlyForDeploymentPostprocessing = 0;
		};
		DCFB4A542BA5D49000B0F78B /* Resources */ = {
			isa = PBXResourcesBuildPhase;
			buildActionMask = 2147483647;
			files = (
			);
			runOnlyForDeploymentPostprocessing = 0;
		};
		DCFB4A5E2BA5D49000B0F78B /* Resources */ = {
			isa = PBXResourcesBuildPhase;
			buildActionMask = 2147483647;
			files = (
			);
			runOnlyForDeploymentPostprocessing = 0;
		};
/* End PBXResourcesBuildPhase section */

/* Begin PBXSourcesBuildPhase section */
		DCFB4A422BA5D48E00B0F78B /* Sources */ = {
			isa = PBXSourcesBuildPhase;
			buildActionMask = 2147483647;
			files = (
				DCFB4A4C2BA5D48E00B0F78B /* AppView.swift in Sources */,
				DCFB4A4A2BA5D48E00B0F78B /* UnsplahApp.swift in Sources */,
			);
			runOnlyForDeploymentPostprocessing = 0;
		};
		DCFB4A522BA5D49000B0F78B /* Sources */ = {
			isa = PBXSourcesBuildPhase;
			buildActionMask = 2147483647;
			files = (
				DCFB4A5B2BA5D49000B0F78B /* UnsplahTests.swift in Sources */,
			);
			runOnlyForDeploymentPostprocessing = 0;
		};
		DCFB4A5C2BA5D49000B0F78B /* Sources */ = {
			isa = PBXSourcesBuildPhase;
			buildActionMask = 2147483647;
			files = (
				DCFB4A672BA5D49000B0F78B /* UnsplahUITestsLaunchTests.swift in Sources */,
				DCFB4A652BA5D49000B0F78B /* UnsplahUITests.swift in Sources */,
			);
			runOnlyForDeploymentPostprocessing = 0;
		};
/* End PBXSourcesBuildPhase section */

/* Begin PBXTargetDependency section */
		DCFB4A582BA5D49000B0F78B /* PBXTargetDependency */ = {
			isa = PBXTargetDependency;
			target = DCFB4A452BA5D48E00B0F78B /* Unsplah */;
			targetProxy = DCFB4A572BA5D49000B0F78B /* PBXContainerItemProxy */;
		};
		DCFB4A622BA5D49000B0F78B /* PBXTargetDependency */ = {
			isa = PBXTargetDependency;
			target = DCFB4A452BA5D48E00B0F78B /* Unsplah */;
			targetProxy = DCFB4A612BA5D49000B0F78B /* PBXContainerItemProxy */;
		};
/* End PBXTargetDependency section */

/* Begin XCBuildConfiguration section */
		DCFB4A682BA5D49000B0F78B /* Debug */ = {
			isa = XCBuildConfiguration;
			baseConfigurationReference = DCFB4A742BA5D8D400B0F78B /* Common.xcconfig */;
			buildSettings = {
				ALWAYS_SEARCH_USER_PATHS = NO;
				ASSETCATALOG_COMPILER_GENERATE_SWIFT_ASSET_SYMBOL_EXTENSIONS = YES;
				CLANG_ANALYZER_NONNULL = YES;
				CLANG_ANALYZER_NUMBER_OBJECT_CONVERSION = YES_AGGRESSIVE;
				CLANG_CXX_LANGUAGE_STANDARD = "gnu++20";
				CLANG_ENABLE_MODULES = YES;
				CLANG_ENABLE_OBJC_ARC = YES;
				CLANG_ENABLE_OBJC_WEAK = YES;
				CLANG_WARN_BLOCK_CAPTURE_AUTORELEASING = YES;
				CLANG_WARN_BOOL_CONVERSION = YES;
				CLANG_WARN_COMMA = YES;
				CLANG_WARN_CONSTANT_CONVERSION = YES;
				CLANG_WARN_DEPRECATED_OBJC_IMPLEMENTATIONS = YES;
				CLANG_WARN_DIRECT_OBJC_ISA_USAGE = YES_ERROR;
				CLANG_WARN_DOCUMENTATION_COMMENTS = YES;
				CLANG_WARN_EMPTY_BODY = YES;
				CLANG_WARN_ENUM_CONVERSION = YES;
				CLANG_WARN_INFINITE_RECURSION = YES;
				CLANG_WARN_INT_CONVERSION = YES;
				CLANG_WARN_NON_LITERAL_NULL_CONVERSION = YES;
				CLANG_WARN_OBJC_IMPLICIT_RETAIN_SELF = YES;
				CLANG_WARN_OBJC_LITERAL_CONVERSION = YES;
				CLANG_WARN_OBJC_ROOT_CLASS = YES_ERROR;
				CLANG_WARN_QUOTED_INCLUDE_IN_FRAMEWORK_HEADER = YES;
				CLANG_WARN_RANGE_LOOP_ANALYSIS = YES;
				CLANG_WARN_STRICT_PROTOTYPES = YES;
				CLANG_WARN_SUSPICIOUS_MOVE = YES;
				CLANG_WARN_UNGUARDED_AVAILABILITY = YES_AGGRESSIVE;
				CLANG_WARN_UNREACHABLE_CODE = YES;
				CLANG_WARN__DUPLICATE_METHOD_MATCH = YES;
				COPY_PHASE_STRIP = NO;
				DEBUG_INFORMATION_FORMAT = dwarf;
				ENABLE_STRICT_OBJC_MSGSEND = YES;
				ENABLE_TESTABILITY = YES;
				ENABLE_USER_SCRIPT_SANDBOXING = YES;
				GCC_C_LANGUAGE_STANDARD = gnu17;
				GCC_DYNAMIC_NO_PIC = NO;
				GCC_NO_COMMON_BLOCKS = YES;
				GCC_OPTIMIZATION_LEVEL = 0;
				GCC_PREPROCESSOR_DEFINITIONS = (
					"DEBUG=1",
					"$(inherited)",
				);
				GCC_WARN_64_TO_32_BIT_CONVERSION = YES;
				GCC_WARN_ABOUT_RETURN_TYPE = YES_ERROR;
				GCC_WARN_UNDECLARED_SELECTOR = YES;
				GCC_WARN_UNINITIALIZED_AUTOS = YES_AGGRESSIVE;
				GCC_WARN_UNUSED_FUNCTION = YES;
				GCC_WARN_UNUSED_VARIABLE = YES;
				IPHONEOS_DEPLOYMENT_TARGET = 17.2;
				LOCALIZATION_PREFERS_STRING_CATALOGS = YES;
				MTL_ENABLE_DEBUG_INFO = INCLUDE_SOURCE;
				MTL_FAST_MATH = YES;
				ONLY_ACTIVE_ARCH = YES;
				SDKROOT = iphoneos;
				SWIFT_ACTIVE_COMPILATION_CONDITIONS = "DEBUG $(inherited)";
				SWIFT_OPTIMIZATION_LEVEL = "-Onone";
			};
			name = Debug;
		};
		DCFB4A692BA5D49000B0F78B /* Release */ = {
			isa = XCBuildConfiguration;
			baseConfigurationReference = DCFB4A742BA5D8D400B0F78B /* Common.xcconfig */;
			buildSettings = {
				ALWAYS_SEARCH_USER_PATHS = NO;
				ASSETCATALOG_COMPILER_GENERATE_SWIFT_ASSET_SYMBOL_EXTENSIONS = YES;
				CLANG_ANALYZER_NONNULL = YES;
				CLANG_ANALYZER_NUMBER_OBJECT_CONVERSION = YES_AGGRESSIVE;
				CLANG_CXX_LANGUAGE_STANDARD = "gnu++20";
				CLANG_ENABLE_MODULES = YES;
				CLANG_ENABLE_OBJC_ARC = YES;
				CLANG_ENABLE_OBJC_WEAK = YES;
				CLANG_WARN_BLOCK_CAPTURE_AUTORELEASING = YES;
				CLANG_WARN_BOOL_CONVERSION = YES;
				CLANG_WARN_COMMA = YES;
				CLANG_WARN_CONSTANT_CONVERSION = YES;
				CLANG_WARN_DEPRECATED_OBJC_IMPLEMENTATIONS = YES;
				CLANG_WARN_DIRECT_OBJC_ISA_USAGE = YES_ERROR;
				CLANG_WARN_DOCUMENTATION_COMMENTS = YES;
				CLANG_WARN_EMPTY_BODY = YES;
				CLANG_WARN_ENUM_CONVERSION = YES;
				CLANG_WARN_INFINITE_RECURSION = YES;
				CLANG_WARN_INT_CONVERSION = YES;
				CLANG_WARN_NON_LITERAL_NULL_CONVERSION = YES;
				CLANG_WARN_OBJC_IMPLICIT_RETAIN_SELF = YES;
				CLANG_WARN_OBJC_LITERAL_CONVERSION = YES;
				CLANG_WARN_OBJC_ROOT_CLASS = YES_ERROR;
				CLANG_WARN_QUOTED_INCLUDE_IN_FRAMEWORK_HEADER = YES;
				CLANG_WARN_RANGE_LOOP_ANALYSIS = YES;
				CLANG_WARN_STRICT_PROTOTYPES = YES;
				CLANG_WARN_SUSPICIOUS_MOVE = YES;
				CLANG_WARN_UNGUARDED_AVAILABILITY = YES_AGGRESSIVE;
				CLANG_WARN_UNREACHABLE_CODE = YES;
				CLANG_WARN__DUPLICATE_METHOD_MATCH = YES;
				COPY_PHASE_STRIP = NO;
				DEBUG_INFORMATION_FORMAT = "dwarf-with-dsym";
				ENABLE_NS_ASSERTIONS = NO;
				ENABLE_STRICT_OBJC_MSGSEND = YES;
				ENABLE_USER_SCRIPT_SANDBOXING = YES;
				GCC_C_LANGUAGE_STANDARD = gnu17;
				GCC_NO_COMMON_BLOCKS = YES;
				GCC_WARN_64_TO_32_BIT_CONVERSION = YES;
				GCC_WARN_ABOUT_RETURN_TYPE = YES_ERROR;
				GCC_WARN_UNDECLARED_SELECTOR = YES;
				GCC_WARN_UNINITIALIZED_AUTOS = YES_AGGRESSIVE;
				GCC_WARN_UNUSED_FUNCTION = YES;
				GCC_WARN_UNUSED_VARIABLE = YES;
				IPHONEOS_DEPLOYMENT_TARGET = 17.2;
				LOCALIZATION_PREFERS_STRING_CATALOGS = YES;
				MTL_ENABLE_DEBUG_INFO = NO;
				MTL_FAST_MATH = YES;
				SDKROOT = iphoneos;
				SWIFT_COMPILATION_MODE = wholemodule;
				VALIDATE_PRODUCT = YES;
			};
			name = Release;
		};
		DCFB4A6B2BA5D49000B0F78B /* Debug */ = {
			isa = XCBuildConfiguration;
			buildSettings = {
				ASSETCATALOG_COMPILER_APPICON_NAME = AppIcon;
				ASSETCATALOG_COMPILER_GLOBAL_ACCENT_COLOR_NAME = AccentColor;
				CODE_SIGN_STYLE = Automatic;
				CURRENT_PROJECT_VERSION = 1;
				DEVELOPMENT_ASSET_PATHS = "\"Unsplah/Preview Content\"";
				ENABLE_PREVIEWS = YES;
				GENERATE_INFOPLIST_FILE = YES;
				INFOPLIST_FILE = Unsplah/Info.plist;
				INFOPLIST_KEY_UIApplicationSceneManifest_Generation = YES;
				INFOPLIST_KEY_UIApplicationSupportsIndirectInputEvents = YES;
				INFOPLIST_KEY_UILaunchStoryboardName = LaunchScreen.storyboard;
				INFOPLIST_KEY_UISupportedInterfaceOrientations_iPad = "UIInterfaceOrientationPortrait UIInterfaceOrientationPortraitUpsideDown UIInterfaceOrientationLandscapeLeft UIInterfaceOrientationLandscapeRight";
				INFOPLIST_KEY_UISupportedInterfaceOrientations_iPhone = "UIInterfaceOrientationPortrait UIInterfaceOrientationLandscapeLeft UIInterfaceOrientationLandscapeRight";
				LD_RUNPATH_SEARCH_PATHS = (
					"$(inherited)",
					"@executable_path/Frameworks",
				);
				MARKETING_VERSION = 1.0;
				PRODUCT_BUNDLE_IDENTIFIER = com.yelmouden.unsplash.Unsplah;
				PRODUCT_NAME = "$(TARGET_NAME)";
				SUPPORTED_PLATFORMS = "iphoneos iphonesimulator";
				SUPPORTS_MACCATALYST = NO;
				SUPPORTS_MAC_DESIGNED_FOR_IPHONE_IPAD = NO;
				SUPPORTS_XR_DESIGNED_FOR_IPHONE_IPAD = NO;
				SWIFT_EMIT_LOC_STRINGS = YES;
				SWIFT_VERSION = 5.0;
				TARGETED_DEVICE_FAMILY = "1,2";
			};
			name = Debug;
		};
		DCFB4A6C2BA5D49000B0F78B /* Release */ = {
			isa = XCBuildConfiguration;
			buildSettings = {
				ASSETCATALOG_COMPILER_APPICON_NAME = AppIcon;
				ASSETCATALOG_COMPILER_GLOBAL_ACCENT_COLOR_NAME = AccentColor;
				CODE_SIGN_STYLE = Automatic;
				CURRENT_PROJECT_VERSION = 1;
				DEVELOPMENT_ASSET_PATHS = "\"Unsplah/Preview Content\"";
				ENABLE_PREVIEWS = YES;
				GENERATE_INFOPLIST_FILE = YES;
				INFOPLIST_FILE = Unsplah/Info.plist;
				INFOPLIST_KEY_UIApplicationSceneManifest_Generation = YES;
				INFOPLIST_KEY_UIApplicationSupportsIndirectInputEvents = YES;
				INFOPLIST_KEY_UILaunchStoryboardName = LaunchScreen.storyboard;
				INFOPLIST_KEY_UISupportedInterfaceOrientations_iPad = "UIInterfaceOrientationPortrait UIInterfaceOrientationPortraitUpsideDown UIInterfaceOrientationLandscapeLeft UIInterfaceOrientationLandscapeRight";
				INFOPLIST_KEY_UISupportedInterfaceOrientations_iPhone = "UIInterfaceOrientationPortrait UIInterfaceOrientationLandscapeLeft UIInterfaceOrientationLandscapeRight";
				LD_RUNPATH_SEARCH_PATHS = (
					"$(inherited)",
					"@executable_path/Frameworks",
				);
				MARKETING_VERSION = 1.0;
				PRODUCT_BUNDLE_IDENTIFIER = com.yelmouden.unsplash.Unsplah;
				PRODUCT_NAME = "$(TARGET_NAME)";
				SUPPORTED_PLATFORMS = "iphoneos iphonesimulator";
				SUPPORTS_MACCATALYST = NO;
				SUPPORTS_MAC_DESIGNED_FOR_IPHONE_IPAD = NO;
				SUPPORTS_XR_DESIGNED_FOR_IPHONE_IPAD = NO;
				SWIFT_EMIT_LOC_STRINGS = YES;
				SWIFT_VERSION = 5.0;
				TARGETED_DEVICE_FAMILY = "1,2";
			};
			name = Release;
		};
		DCFB4A6E2BA5D49000B0F78B /* Debug */ = {
			isa = XCBuildConfiguration;
			buildSettings = {
				ALWAYS_EMBED_SWIFT_STANDARD_LIBRARIES = YES;
				BUNDLE_LOADER = "$(TEST_HOST)";
				CODE_SIGN_STYLE = Automatic;
				CURRENT_PROJECT_VERSION = 1;
				GENERATE_INFOPLIST_FILE = YES;
				IPHONEOS_DEPLOYMENT_TARGET = 17.2;
				MARKETING_VERSION = 1.0;
				PRODUCT_BUNDLE_IDENTIFIER = com.yelmouden.unsplash.UnsplahTests;
				PRODUCT_NAME = "$(TARGET_NAME)";
				SWIFT_EMIT_LOC_STRINGS = NO;
				SWIFT_VERSION = 5.0;
				TARGETED_DEVICE_FAMILY = "1,2";
				TEST_HOST = "$(BUILT_PRODUCTS_DIR)/Unsplah.app/$(BUNDLE_EXECUTABLE_FOLDER_PATH)/Unsplah";
			};
			name = Debug;
		};
		DCFB4A6F2BA5D49000B0F78B /* Release */ = {
			isa = XCBuildConfiguration;
			buildSettings = {
				ALWAYS_EMBED_SWIFT_STANDARD_LIBRARIES = YES;
				BUNDLE_LOADER = "$(TEST_HOST)";
				CODE_SIGN_STYLE = Automatic;
				CURRENT_PROJECT_VERSION = 1;
				GENERATE_INFOPLIST_FILE = YES;
				IPHONEOS_DEPLOYMENT_TARGET = 17.2;
				MARKETING_VERSION = 1.0;
				PRODUCT_BUNDLE_IDENTIFIER = com.yelmouden.unsplash.UnsplahTests;
				PRODUCT_NAME = "$(TARGET_NAME)";
				SWIFT_EMIT_LOC_STRINGS = NO;
				SWIFT_VERSION = 5.0;
				TARGETED_DEVICE_FAMILY = "1,2";
				TEST_HOST = "$(BUILT_PRODUCTS_DIR)/Unsplah.app/$(BUNDLE_EXECUTABLE_FOLDER_PATH)/Unsplah";
			};
			name = Release;
		};
		DCFB4A712BA5D49000B0F78B /* Debug */ = {
			isa = XCBuildConfiguration;
			buildSettings = {
				ALWAYS_EMBED_SWIFT_STANDARD_LIBRARIES = YES;
				CODE_SIGN_STYLE = Automatic;
				CURRENT_PROJECT_VERSION = 1;
				GENERATE_INFOPLIST_FILE = YES;
				MARKETING_VERSION = 1.0;
				PRODUCT_BUNDLE_IDENTIFIER = com.yelmouden.unsplash.UnsplahUITests;
				PRODUCT_NAME = "$(TARGET_NAME)";
				SWIFT_EMIT_LOC_STRINGS = NO;
				SWIFT_VERSION = 5.0;
				TARGETED_DEVICE_FAMILY = "1,2";
				TEST_TARGET_NAME = Unsplah;
			};
			name = Debug;
		};
		DCFB4A722BA5D49000B0F78B /* Release */ = {
			isa = XCBuildConfiguration;
			buildSettings = {
				ALWAYS_EMBED_SWIFT_STANDARD_LIBRARIES = YES;
				CODE_SIGN_STYLE = Automatic;
				CURRENT_PROJECT_VERSION = 1;
				GENERATE_INFOPLIST_FILE = YES;
				MARKETING_VERSION = 1.0;
				PRODUCT_BUNDLE_IDENTIFIER = com.yelmouden.unsplash.UnsplahUITests;
				PRODUCT_NAME = "$(TARGET_NAME)";
				SWIFT_EMIT_LOC_STRINGS = NO;
				SWIFT_VERSION = 5.0;
				TARGETED_DEVICE_FAMILY = "1,2";
				TEST_TARGET_NAME = Unsplah;
			};
			name = Release;
		};
/* End XCBuildConfiguration section */

/* Begin XCConfigurationList section */
		DCFB4A412BA5D48E00B0F78B /* Build configuration list for PBXProject "Unsplah" */ = {
			isa = XCConfigurationList;
			buildConfigurations = (
				DCFB4A682BA5D49000B0F78B /* Debug */,
				DCFB4A692BA5D49000B0F78B /* Release */,
			);
			defaultConfigurationIsVisible = 0;
			defaultConfigurationName = Release;
		};
		DCFB4A6A2BA5D49000B0F78B /* Build configuration list for PBXNativeTarget "Unsplah" */ = {
			isa = XCConfigurationList;
			buildConfigurations = (
				DCFB4A6B2BA5D49000B0F78B /* Debug */,
				DCFB4A6C2BA5D49000B0F78B /* Release */,
			);
			defaultConfigurationIsVisible = 0;
			defaultConfigurationName = Release;
		};
		DCFB4A6D2BA5D49000B0F78B /* Build configuration list for PBXNativeTarget "UnsplahTests" */ = {
			isa = XCConfigurationList;
			buildConfigurations = (
				DCFB4A6E2BA5D49000B0F78B /* Debug */,
				DCFB4A6F2BA5D49000B0F78B /* Release */,
			);
			defaultConfigurationIsVisible = 0;
			defaultConfigurationName = Release;
		};
		DCFB4A702BA5D49000B0F78B /* Build configuration list for PBXNativeTarget "UnsplahUITests" */ = {
			isa = XCConfigurationList;
			buildConfigurations = (
				DCFB4A712BA5D49000B0F78B /* Debug */,
				DCFB4A722BA5D49000B0F78B /* Release */,
			);
			defaultConfigurationIsVisible = 0;
			defaultConfigurationName = Release;
		};
/* End XCConfigurationList section */

/* Begin XCSwiftPackageProductDependency section */
		DC9EDC762BA5FDC500FFA6F3 /* Home */ = {
			isa = XCSwiftPackageProductDependency;
			productName = Home;
		};
		DCB6EE3E2BA610E500CD9998 /* AppConfiguration */ = {
			isa = XCSwiftPackageProductDependency;
			productName = AppConfiguration;
		};
		DCB6EE402BA72F1D00CD9998 /* DesignSystem */ = {
			isa = XCSwiftPackageProductDependency;
			productName = DesignSystem;
		};
		DCB6EE422BA87E7700CD9998 /* Localizable */ = {
			isa = XCSwiftPackageProductDependency;
			productName = Localizable;
		};
/* End XCSwiftPackageProductDependency section */
	};
	rootObject = DCFB4A3E2BA5D48E00B0F78B /* Project object */;
}
